{
  "name": "@recaptime-dev/squad-bots",
  "version": "1.0.0",
  "lockfileVersion": 3,
  "requires": true,
  "packages": {
    "": {
      "name": "@recaptime-dev/squad-bots",
      "version": "1.0.0",
      "license": "MPL-2.0",
      "dependencies": {
        "@devcontainers/cli": "^0.71.0"
      }
    },
    "node_modules/@devcontainers/cli": {
      "version": "0.71.0",
      "resolved": "https://registry.npmjs.org/@devcontainers/cli/-/cli-0.71.0.tgz",
      "integrity": "sha512-My13mDQCZy4zFsIoU2LVdnm3g2oSvxAkp+Z1gO/cYBYG3YUdteIEGm43igq67WPEpdJqE3LjKkIKp4I6fJBzEQ==",
      "license": "MIT",
      "bin": {
        "devcontainer": "devcontainer.js"
      },
      "engines": {
        "node": "^16.13.0 || >=18.0.0"
      }
    }
  }
}
